
Microsoft Visual Studio Solution File, Format Version 12.00
# Visual Studio Version 17
VisualStudioVersion = 17.14.36429.23
MinimumVisualStudioVersion = 10.0.40219.1
Project("{2150E333-8FDC-42A3-9474-1A3956D46DE8}") = "Task0", "Task0", "{02EA681E-C7D8-13C7-8484-4AC65E1B71E8}"
EndProject
Project("{FAE04EC0-301F-11D3-BF4B-00C04F79EFBC}") = "Tyuiu.VariiMN.Sprint3.Task0.V2", "Tyuiu.VariiMN.Sprint3.Task0.V2\Tyuiu.VariiMN.Sprint3.Task0.V2.csproj", "{ACABCB49-CF06-4B16-BBD8-95B0764608EF}"
EndProject
Project("{FAE04EC0-301F-11D3-BF4B-00C04F79EFBC}") = "Tyuiu.VariiMN.Sprint3.Task0.V2.Lib", "Tyuiu.VariiMN.Sprint3.Task0.V2.Lib\Tyuiu.VariiMN.Sprint3.Task0.V2.Lib.csproj", "{5FEB47A9-ECF0-427B-A8BC-86A054129EA1}"
EndProject
Project("{FAE04EC0-301F-11D3-BF4B-00C04F79EFBC}") = "Tyuiu.VariiMN.Sprint3.Task0.V2.Test", "Tyuiu.VariiMN.Sprint3.Task0.V2.Test\Tyuiu.VariiMN.Sprint3.Task0.V2.Test.csproj", "{7C74C2A4-483A-4536-A776-62BD7D5529B4}"
EndProject
Project("{2150E333-8FDC-42A3-9474-1A3956D46DE8}") = "Task1", "Task1", "{5D447E5D-F917-4754-9AC1-3817BE59AA70}"
EndProject
Project("{FAE04EC0-301F-11D3-BF4B-00C04F79EFBC}") = "Tyuiu.VariiMN.Sprint3.Task1.V7", "Tyuiu.VariiMN.Sprint3.Task1.V7\Tyuiu.VariiMN.Sprint3.Task1.V7.csproj", "{0276C274-6D24-4E03-8387-567B19EDC818}"
EndProject
Project("{FAE04EC0-301F-11D3-BF4B-00C04F79EFBC}") = "Tyuiu.VariiMN.Sprint3.Task1.V7.Test", "Tyuiu.VariiMN.Sprint3.Task1.V7.Test\Tyuiu.VariiMN.Sprint3.Task1.V7.Test.csproj", "{ACA5DF1D-F3D0-4C7B-B726-BE91CBF8189F}"
EndProject
Project("{FAE04EC0-301F-11D3-BF4B-00C04F79EFBC}") = "Tyuiu.VariiMN.Sprint3.Task1.V7.Lib", "Tyuiu.VariiMN.Sprint3.Task1.V7.Lib\Tyuiu.VariiMN.Sprint3.Task1.V7.Lib.csproj", "{DCCEDF8A-8E39-4874-BA60-69BA027E37BA}"
EndProject
Project("{2150E333-8FDC-42A3-9474-1A3956D46DE8}") = "Task2", "Task2", "{1EDDA150-8349-4C30-A17E-A477180EFE42}"
EndProject
Project("{FAE04EC0-301F-11D3-BF4B-00C04F79EFBC}") = "Tyuiu.VariiMN.Sprint3.Task2.V6", "Tyuiu.VariiMN.Sprint3.Task2.V6\Tyuiu.VariiMN.Sprint3.Task2.V6.csproj", "{21FAD98B-5DB6-4930-86B4-B0877CC622E0}"
EndProject
Project("{FAE04EC0-301F-11D3-BF4B-00C04F79EFBC}") = "Tyuiu.VariiMN.Sprint3.Task2.V6.Lib", "Tyuiu.VariiMN.Sprint3.Task2.V6.Lib\Tyuiu.VariiMN.Sprint3.Task2.V6.Lib.csproj", "{DDDCD445-EFBA-4D8D-B6AD-19194AC506EC}"
EndProject
Project("{FAE04EC0-301F-11D3-BF4B-00C04F79EFBC}") = "Tyuiu.VariiMN.Sprint3.Task2.V6.Test", "Tyuiu.VariiMN.Sprint3.Task2.V6.Test\Tyuiu.VariiMN.Sprint3.Task2.V6.Test.csproj", "{78A87233-1B89-4A28-A661-34414C6608EA}"
EndProject
Project("{2150E333-8FDC-42A3-9474-1A3956D46DE8}") = "Task3", "Task3", "{B2980617-A906-4A71-BAE8-634069054957}"
EndProject
Project("{FAE04EC0-301F-11D3-BF4B-00C04F79EFBC}") = "Tyuiu.VariiMN.Sprint3.Task3.V7.Test", "Tyuiu.VariiMN.Sprint3.Task3.V7.Test\Tyuiu.VariiMN.Sprint3.Task3.V7.Test.csproj", "{336885F1-2ECE-4A37-981B-BB7A084BFC1C}"
EndProject
Project("{FAE04EC0-301F-11D3-BF4B-00C04F79EFBC}") = "Tyuiu.VariiMN.Sprint3.Task3.V7", "Tyuiu.VariiMN.Sprint3.Task3.V7\Tyuiu.VariiMN.Sprint3.Task3.V7.csproj", "{B5323D13-24E5-4A74-9869-297F1B45B89A}"
EndProject
Project("{FAE04EC0-301F-11D3-BF4B-00C04F79EFBC}") = "Tyuiu.VariiMN.Sprint3.Task3.V7.Lib", "Tyuiu.VariiMN.Sprint3.Task3.V7.Lib\Tyuiu.VariiMN.Sprint3.Task3.V7.Lib.csproj", "{E899BA0B-0D3D-4D0C-A395-07FC8CCF5B18}"
EndProject
Global
	GlobalSection(SolutionConfigurationPlatforms) = preSolution
		Debug|Any CPU = Debug|Any CPU
		Release|Any CPU = Release|Any CPU
	EndGlobalSection
	GlobalSection(ProjectConfigurationPlatforms) = postSolution
		{ACABCB49-CF06-4B16-BBD8-95B0764608EF}.Debug|Any CPU.ActiveCfg = Debug|Any CPU
		{ACABCB49-CF06-4B16-BBD8-95B0764608EF}.Debug|Any CPU.Build.0 = Debug|Any CPU
		{ACABCB49-CF06-4B16-BBD8-95B0764608EF}.Release|Any CPU.ActiveCfg = Release|Any CPU
		{ACABCB49-CF06-4B16-BBD8-95B0764608EF}.Release|Any CPU.Build.0 = Release|Any CPU
		{5FEB47A9-ECF0-427B-A8BC-86A054129EA1}.Debug|Any CPU.ActiveCfg = Debug|Any CPU
		{5FEB47A9-ECF0-427B-A8BC-86A054129EA1}.Debug|Any CPU.Build.0 = Debug|Any CPU
		{5FEB47A9-ECF0-427B-A8BC-86A054129EA1}.Release|Any CPU.ActiveCfg = Release|Any CPU
		{5FEB47A9-ECF0-427B-A8BC-86A054129EA1}.Release|Any CPU.Build.0 = Release|Any CPU
		{7C74C2A4-483A-4536-A776-62BD7D5529B4}.Debug|Any CPU.ActiveCfg = Debug|Any CPU
		{7C74C2A4-483A-4536-A776-62BD7D5529B4}.Debug|Any CPU.Build.0 = Debug|Any CPU
		{7C74C2A4-483A-4536-A776-62BD7D5529B4}.Release|Any CPU.ActiveCfg = Release|Any CPU
		{7C74C2A4-483A-4536-A776-62BD7D5529B4}.Release|Any CPU.Build.0 = Release|Any CPU
		{0276C274-6D24-4E03-8387-567B19EDC818}.Debug|Any CPU.ActiveCfg = Debug|Any CPU
		{0276C274-6D24-4E03-8387-567B19EDC818}.Debug|Any CPU.Build.0 = Debug|Any CPU
		{0276C274-6D24-4E03-8387-567B19EDC818}.Release|Any CPU.ActiveCfg = Release|Any CPU
		{0276C274-6D24-4E03-8387-567B19EDC818}.Release|Any CPU.Build.0 = Release|Any CPU
		{ACA5DF1D-F3D0-4C7B-B726-BE91CBF8189F}.Debug|Any CPU.ActiveCfg = Debug|Any CPU
		{ACA5DF1D-F3D0-4C7B-B726-BE91CBF8189F}.Debug|Any CPU.Build.0 = Debug|Any CPU
		{ACA5DF1D-F3D0-4C7B-B726-BE91CBF8189F}.Release|Any CPU.ActiveCfg = Release|Any CPU
		{ACA5DF1D-F3D0-4C7B-B726-BE91CBF8189F}.Release|Any CPU.Build.0 = Release|Any CPU
		{DCCEDF8A-8E39-4874-BA60-69BA027E37BA}.Debug|Any CPU.ActiveCfg = Debug|Any CPU
		{DCCEDF8A-8E39-4874-BA60-69BA027E37BA}.Debug|Any CPU.Build.0 = Debug|Any CPU
		{DCCEDF8A-8E39-4874-BA60-69BA027E37BA}.Release|Any CPU.ActiveCfg = Release|Any CPU
		{DCCEDF8A-8E39-4874-BA60-69BA027E37BA}.Release|Any CPU.Build.0 = Release|Any CPU
		{21FAD98B-5DB6-4930-86B4-B0877CC622E0}.Debug|Any CPU.ActiveCfg = Debug|Any CPU
		{21FAD98B-5DB6-4930-86B4-B0877CC622E0}.Debug|Any CPU.Build.0 = Debug|Any CPU
		{21FAD98B-5DB6-4930-86B4-B0877CC622E0}.Release|Any CPU.ActiveCfg = Release|Any CPU
		{21FAD98B-5DB6-4930-86B4-B0877CC622E0}.Release|Any CPU.Build.0 = Release|Any CPU
		{DDDCD445-EFBA-4D8D-B6AD-19194AC506EC}.Debug|Any CPU.ActiveCfg = Debug|Any CPU
		{DDDCD445-EFBA-4D8D-B6AD-19194AC506EC}.Debug|Any CPU.Build.0 = Debug|Any CPU
		{DDDCD445-EFBA-4D8D-B6AD-19194AC506EC}.Release|Any CPU.ActiveCfg = Release|Any CPU
		{DDDCD445-EFBA-4D8D-B6AD-19194AC506EC}.Release|Any CPU.Build.0 = Release|Any CPU
		{78A87233-1B89-4A28-A661-34414C6608EA}.Debug|Any CPU.ActiveCfg = Debug|Any CPU
		{78A87233-1B89-4A28-A661-34414C6608EA}.Debug|Any CPU.Build.0 = Debug|Any CPU
		{78A87233-1B89-4A28-A661-34414C6608EA}.Release|Any CPU.ActiveCfg = Release|Any CPU
		{78A87233-1B89-4A28-A661-34414C6608EA}.Release|Any CPU.Build.0 = Release|Any CPU
		{336885F1-2ECE-4A37-981B-BB7A084BFC1C}.Debug|Any CPU.ActiveCfg = Debug|Any CPU
		{336885F1-2ECE-4A37-981B-BB7A084BFC1C}.Debug|Any CPU.Build.0 = Debug|Any CPU
		{336885F1-2ECE-4A37-981B-BB7A084BFC1C}.Release|Any CPU.ActiveCfg = Release|Any CPU
		{336885F1-2ECE-4A37-981B-BB7A084BFC1C}.Release|Any CPU.Build.0 = Release|Any CPU
		{B5323D13-24E5-4A74-9869-297F1B45B89A}.Debug|Any CPU.ActiveCfg = Debug|Any CPU
		{B5323D13-24E5-4A74-9869-297F1B45B89A}.Debug|Any CPU.Build.0 = Debug|Any CPU
		{B5323D13-24E5-4A74-9869-297F1B45B89A}.Release|Any CPU.ActiveCfg = Release|Any CPU
		{B5323D13-24E5-4A74-9869-297F1B45B89A}.Release|Any CPU.Build.0 = Release|Any CPU
		{E899BA0B-0D3D-4D0C-A395-07FC8CCF5B18}.Debug|Any CPU.ActiveCfg = Debug|Any CPU
		{E899BA0B-0D3D-4D0C-A395-07FC8CCF5B18}.Debug|Any CPU.Build.0 = Debug|Any CPU
		{E899BA0B-0D3D-4D0C-A395-07FC8CCF5B18}.Release|Any CPU.ActiveCfg = Release|Any CPU
		{E899BA0B-0D3D-4D0C-A395-07FC8CCF5B18}.Release|Any CPU.Build.0 = Release|Any CPU
	EndGlobalSection
	GlobalSection(SolutionProperties) = preSolution
		HideSolutionNode = FALSE
	EndGlobalSection
	GlobalSection(NestedProjects) = preSolution
		{ACABCB49-CF06-4B16-BBD8-95B0764608EF} = {02EA681E-C7D8-13C7-8484-4AC65E1B71E8}
		{5FEB47A9-ECF0-427B-A8BC-86A054129EA1} = {02EA681E-C7D8-13C7-8484-4AC65E1B71E8}
		{7C74C2A4-483A-4536-A776-62BD7D5529B4} = {02EA681E-C7D8-13C7-8484-4AC65E1B71E8}
		{0276C274-6D24-4E03-8387-567B19EDC818} = {5D447E5D-F917-4754-9AC1-3817BE59AA70}
		{ACA5DF1D-F3D0-4C7B-B726-BE91CBF8189F} = {5D447E5D-F917-4754-9AC1-3817BE59AA70}
		{DCCEDF8A-8E39-4874-BA60-69BA027E37BA} = {5D447E5D-F917-4754-9AC1-3817BE59AA70}
		{21FAD98B-5DB6-4930-86B4-B0877CC622E0} = {1EDDA150-8349-4C30-A17E-A477180EFE42}
		{DDDCD445-EFBA-4D8D-B6AD-19194AC506EC} = {1EDDA150-8349-4C30-A17E-A477180EFE42}
		{78A87233-1B89-4A28-A661-34414C6608EA} = {1EDDA150-8349-4C30-A17E-A477180EFE42}
		{336885F1-2ECE-4A37-981B-BB7A084BFC1C} = {B2980617-A906-4A71-BAE8-634069054957}
		{B5323D13-24E5-4A74-9869-297F1B45B89A} = {B2980617-A906-4A71-BAE8-634069054957}
		{E899BA0B-0D3D-4D0C-A395-07FC8CCF5B18} = {B2980617-A906-4A71-BAE8-634069054957}
	EndGlobalSection
	GlobalSection(ExtensibilityGlobals) = postSolution
		SolutionGuid = {C90EDFAF-4180-41F9-8973-5D2FD58BC027}
	EndGlobalSection
EndGlobal
