
Microsoft Visual Studio Solution File, Format Version 12.00
# Visual Studio Version 17
VisualStudioVersion = 17.14.36429.23
MinimumVisualStudioVersion = 10.0.40219.1
Project("{2150E333-8FDC-42A3-9474-1A3956D46DE8}") = "Task0", "Task0", "{02EA681E-C7D8-13C7-8484-4AC65E1B71E8}"
EndProject
Project("{FAE04EC0-301F-11D3-BF4B-00C04F79EFBC}") = "Tyuiu.VariiMN.Sprint3.Task0.V2", "Tyuiu.VariiMN.Sprint3.Task0.V2\Tyuiu.VariiMN.Sprint3.Task0.V2.csproj", "{ACABCB49-CF06-4B16-BBD8-95B0764608EF}"
EndProject
Project("{FAE04EC0-301F-11D3-BF4B-00C04F79EFBC}") = "Tyuiu.VariiMN.Sprint3.Task0.V2.Lib", "Tyuiu.VariiMN.Sprint3.Task0.V2.Lib\Tyuiu.VariiMN.Sprint3.Task0.V2.Lib.csproj", "{5FEB47A9-ECF0-427B-A8BC-86A054129EA1}"
EndProject
Project("{FAE04EC0-301F-11D3-BF4B-00C04F79EFBC}") = "Tyuiu.VariiMN.Sprint3.Task0.V2.Test", "Tyuiu.VariiMN.Sprint3.Task0.V2.Test\Tyuiu.VariiMN.Sprint3.Task0.V2.Test.csproj", "{7C74C2A4-483A-4536-A776-62BD7D5529B4}"
EndProject
Project("{2150E333-8FDC-42A3-9474-1A3956D46DE8}") = "Task1", "Task1", "{5D447E5D-F917-4754-9AC1-3817BE59AA70}"
EndProject
Project("{FAE04EC0-301F-11D3-BF4B-00C04F79EFBC}") = "Tyuiu.VariiMN.Sprint3.Task1.V7", "Tyuiu.VariiMN.Sprint3.Task1.V7\Tyuiu.VariiMN.Sprint3.Task1.V7.csproj", "{0276C274-6D24-4E03-8387-567B19EDC818}"
EndProject
Project("{FAE04EC0-301F-11D3-BF4B-00C04F79EFBC}") = "Tyuiu.VariiMN.Sprint3.Task1.V7.Test", "Tyuiu.VariiMN.Sprint3.Task1.V7.Test\Tyuiu.VariiMN.Sprint3.Task1.V7.Test.csproj", "{ACA5DF1D-F3D0-4C7B-B726-BE91CBF8189F}"
EndProject
Project("{FAE04EC0-301F-11D3-BF4B-00C04F79EFBC}") = "Tyuiu.VariiMN.Sprint3.Task1.V7.Lib", "Tyuiu.VariiMN.Sprint3.Task1.V7.Lib\Tyuiu.VariiMN.Sprint3.Task1.V7.Lib.csproj", "{DCCEDF8A-8E39-4874-BA60-69BA027E37BA}"
EndProject
Project("{2150E333-8FDC-42A3-9474-1A3956D46DE8}") = "Task2", "Task2", "{1EDDA150-8349-4C30-A17E-A477180EFE42}"
EndProject
Project("{FAE04EC0-301F-11D3-BF4B-00C04F79EFBC}") = "Tyuiu.VariiMN.Sprint3.Task2.V6", "Tyuiu.VariiMN.Sprint3.Task2.V6\Tyuiu.VariiMN.Sprint3.Task2.V6.csproj", "{21FAD98B-5DB6-4930-86B4-B0877CC622E0}"
EndProject
Project("{FAE04EC0-301F-11D3-BF4B-00C04F79EFBC}") = "Tyuiu.VariiMN.Sprint3.Task2.V6.Lib", "Tyuiu.VariiMN.Sprint3.Task2.V6.Lib\Tyuiu.VariiMN.Sprint3.Task2.V6.Lib.csproj", "{DDDCD445-EFBA-4D8D-B6AD-19194AC506EC}"
EndProject
Project("{FAE04EC0-301F-11D3-BF4B-00C04F79EFBC}") = "Tyuiu.VariiMN.Sprint3.Task2.V6.Test", "Tyuiu.VariiMN.Sprint3.Task2.V6.Test\Tyuiu.VariiMN.Sprint3.Task2.V6.Test.csproj", "{78A87233-1B89-4A28-A661-34414C6608EA}"
EndProject
Project("{2150E333-8FDC-42A3-9474-1A3956D46DE8}") = "Task3", "Task3", "{B2980617-A906-4A71-BAE8-634069054957}"
EndProject
Project("{FAE04EC0-301F-11D3-BF4B-00C04F79EFBC}") = "Tyuiu.VariiMN.Sprint3.Task3.V7.Test", "Tyuiu.VariiMN.Sprint3.Task3.V7.Test\Tyuiu.VariiMN.Sprint3.Task3.V7.Test.csproj", "{336885F1-2ECE-4A37-981B-BB7A084BFC1C}"
EndProject
Project("{FAE04EC0-301F-11D3-BF4B-00C04F79EFBC}") = "Tyuiu.VariiMN.Sprint3.Task3.V7", "Tyuiu.VariiMN.Sprint3.Task3.V7\Tyuiu.VariiMN.Sprint3.Task3.V7.csproj", "{B5323D13-24E5-4A74-9869-297F1B45B89A}"
EndProject
Project("{FAE04EC0-301F-11D3-BF4B-00C04F79EFBC}") = "Tyuiu.VariiMN.Sprint3.Task3.V7.Lib", "Tyuiu.VariiMN.Sprint3.Task3.V7.Lib\Tyuiu.VariiMN.Sprint3.Task3.V7.Lib.csproj", "{E899BA0B-0D3D-4D0C-A395-07FC8CCF5B18}"
EndProject
Project("{2150E333-8FDC-42A3-9474-1A3956D46DE8}") = "Task4", "Task4", "{101CF112-D043-4B7F-8F78-8D83B7ACC4CC}"
EndProject
Project("{FAE04EC0-301F-11D3-BF4B-00C04F79EFBC}") = "Tyuiu.VariiMN.Sprint3.Task4.V29", "Tyuiu.VariiMN.Sprint3.Task4.V29\Tyuiu.VariiMN.Sprint3.Task4.V29.csproj", "{8AE5D56C-7422-41DD-BB39-E0E48CA55708}"
EndProject
Project("{FAE04EC0-301F-11D3-BF4B-00C04F79EFBC}") = "Tyuiu.VariiMN.Sprint3.Task4.V29.Lib", "Tyuiu.VariiMN.Sprint3.Task4.V29.Lib\Tyuiu.VariiMN.Sprint3.Task4.V29.Lib.csproj", "{66BC2525-0CAD-470A-A91E-7216B5F8A8CB}"
EndProject
Project("{FAE04EC0-301F-11D3-BF4B-00C04F79EFBC}") = "Tyuiu.VariiMN.Sprint3.Task4.V29.Test", "Tyuiu.VariiMN.Sprint3.Task4.V29.Test\Tyuiu.VariiMN.Sprint3.Task4.V29.Test.csproj", "{22EE61FF-1E8A-4BCB-AF9D-6FCB92BA34D6}"
EndProject
Project("{2150E333-8FDC-42A3-9474-1A3956D46DE8}") = "Task5", "Task5", "{68154491-D9B1-4F85-AD23-979FB5A78BB8}"
EndProject
Project("{FAE04EC0-301F-11D3-BF4B-00C04F79EFBC}") = "Tyuiu.VariiMN.Sprint3.Task5.V12", "Tyuiu.VariiMN.Sprint3.Task5.V12\Tyuiu.VariiMN.Sprint3.Task5.V12.csproj", "{D162A578-49C9-46A9-BF02-ED58C807E9C6}"
EndProject
Project("{FAE04EC0-301F-11D3-BF4B-00C04F79EFBC}") = "Tyuiu.VariiMN.Sprint3.Task5.V12.Test", "Tyuiu.VariiMN.Sprint3.Task5.V12.Test\Tyuiu.VariiMN.Sprint3.Task5.V12.Test.csproj", "{7E1ABC85-A835-4859-B41E-EF62CB764062}"
EndProject
Project("{FAE04EC0-301F-11D3-BF4B-00C04F79EFBC}") = "Tyuiu.VariiMN.Sprint3.Task5.V12.Lib", "Tyuiu.VariiMN.Sprint3.Task5.V12.Lib\Tyuiu.VariiMN.Sprint3.Task5.V12.Lib.csproj", "{273FE4CB-3859-4A04-B05E-27C255E06259}"
EndProject
Project("{2150E333-8FDC-42A3-9474-1A3956D46DE8}") = "Task6", "Task6", "{4662ACE3-EC2E-4825-840B-64ABDDD14415}"
EndProject
Project("{FAE04EC0-301F-11D3-BF4B-00C04F79EFBC}") = "Tyuiu.VariiMN.Sprint3.Task6.V3", "Tyuiu.VariiMN.Sprint3.Task6.V3\Tyuiu.VariiMN.Sprint3.Task6.V3.csproj", "{58AD0188-4B60-44E8-819A-F27E949C6D56}"
EndProject
Project("{FAE04EC0-301F-11D3-BF4B-00C04F79EFBC}") = "Tyuiu.VariiMN.Sprint3.Task6.V3.Lib", "Tyuiu.VariiMN.Sprint3.Task6.V3.Lib\Tyuiu.VariiMN.Sprint3.Task6.V3.Lib.csproj", "{97125243-F99E-4D7D-9B85-3B77FA691D8D}"
EndProject
Project("{FAE04EC0-301F-11D3-BF4B-00C04F79EFBC}") = "Tyuiu.VariiMN.Sprint3.Task6.V3.Test", "Tyuiu.VariiMN.Sprint3.Task6.V3.Test\Tyuiu.VariiMN.Sprint3.Task6.V3.Test.csproj", "{0331EBA9-42F5-4D8D-A808-CF596A12990C}"
EndProject
Global
	GlobalSection(SolutionConfigurationPlatforms) = preSolution
		Debug|Any CPU = Debug|Any CPU
		Release|Any CPU = Release|Any CPU
	EndGlobalSection
	GlobalSection(ProjectConfigurationPlatforms) = postSolution
		{ACABCB49-CF06-4B16-BBD8-95B0764608EF}.Debug|Any CPU.ActiveCfg = Debug|Any CPU
		{ACABCB49-CF06-4B16-BBD8-95B0764608EF}.Debug|Any CPU.Build.0 = Debug|Any CPU
		{ACABCB49-CF06-4B16-BBD8-95B0764608EF}.Release|Any CPU.ActiveCfg = Release|Any CPU
		{ACABCB49-CF06-4B16-BBD8-95B0764608EF}.Release|Any CPU.Build.0 = Release|Any CPU
		{5FEB47A9-ECF0-427B-A8BC-86A054129EA1}.Debug|Any CPU.ActiveCfg = Debug|Any CPU
		{5FEB47A9-ECF0-427B-A8BC-86A054129EA1}.Debug|Any CPU.Build.0 = Debug|Any CPU
		{5FEB47A9-ECF0-427B-A8BC-86A054129EA1}.Release|Any CPU.ActiveCfg = Release|Any CPU
		{5FEB47A9-ECF0-427B-A8BC-86A054129EA1}.Release|Any CPU.Build.0 = Release|Any CPU
		{7C74C2A4-483A-4536-A776-62BD7D5529B4}.Debug|Any CPU.ActiveCfg = Debug|Any CPU
		{7C74C2A4-483A-4536-A776-62BD7D5529B4}.Debug|Any CPU.Build.0 = Debug|Any CPU
		{7C74C2A4-483A-4536-A776-62BD7D5529B4}.Release|Any CPU.ActiveCfg = Release|Any CPU
		{7C74C2A4-483A-4536-A776-62BD7D5529B4}.Release|Any CPU.Build.0 = Release|Any CPU
		{0276C274-6D24-4E03-8387-567B19EDC818}.Debug|Any CPU.ActiveCfg = Debug|Any CPU
		{0276C274-6D24-4E03-8387-567B19EDC818}.Debug|Any CPU.Build.0 = Debug|Any CPU
		{0276C274-6D24-4E03-8387-567B19EDC818}.Release|Any CPU.ActiveCfg = Release|Any CPU
		{0276C274-6D24-4E03-8387-567B19EDC818}.Release|Any CPU.Build.0 = Release|Any CPU
		{ACA5DF1D-F3D0-4C7B-B726-BE91CBF8189F}.Debug|Any CPU.ActiveCfg = Debug|Any CPU
		{ACA5DF1D-F3D0-4C7B-B726-BE91CBF8189F}.Debug|Any CPU.Build.0 = Debug|Any CPU
		{ACA5DF1D-F3D0-4C7B-B726-BE91CBF8189F}.Release|Any CPU.ActiveCfg = Release|Any CPU
		{ACA5DF1D-F3D0-4C7B-B726-BE91CBF8189F}.Release|Any CPU.Build.0 = Release|Any CPU
		{DCCEDF8A-8E39-4874-BA60-69BA027E37BA}.Debug|Any CPU.ActiveCfg = Debug|Any CPU
		{DCCEDF8A-8E39-4874-BA60-69BA027E37BA}.Debug|Any CPU.Build.0 = Debug|Any CPU
		{DCCEDF8A-8E39-4874-BA60-69BA027E37BA}.Release|Any CPU.ActiveCfg = Release|Any CPU
		{DCCEDF8A-8E39-4874-BA60-69BA027E37BA}.Release|Any CPU.Build.0 = Release|Any CPU
		{21FAD98B-5DB6-4930-86B4-B0877CC622E0}.Debug|Any CPU.ActiveCfg = Debug|Any CPU
		{21FAD98B-5DB6-4930-86B4-B0877CC622E0}.Debug|Any CPU.Build.0 = Debug|Any CPU
		{21FAD98B-5DB6-4930-86B4-B0877CC622E0}.Release|Any CPU.ActiveCfg = Release|Any CPU
		{21FAD98B-5DB6-4930-86B4-B0877CC622E0}.Release|Any CPU.Build.0 = Release|Any CPU
		{DDDCD445-EFBA-4D8D-B6AD-19194AC506EC}.Debug|Any CPU.ActiveCfg = Debug|Any CPU
		{DDDCD445-EFBA-4D8D-B6AD-19194AC506EC}.Debug|Any CPU.Build.0 = Debug|Any CPU
		{DDDCD445-EFBA-4D8D-B6AD-19194AC506EC}.Release|Any CPU.ActiveCfg = Release|Any CPU
		{DDDCD445-EFBA-4D8D-B6AD-19194AC506EC}.Release|Any CPU.Build.0 = Release|Any CPU
		{78A87233-1B89-4A28-A661-34414C6608EA}.Debug|Any CPU.ActiveCfg = Debug|Any CPU
		{78A87233-1B89-4A28-A661-34414C6608EA}.Debug|Any CPU.Build.0 = Debug|Any CPU
		{78A87233-1B89-4A28-A661-34414C6608EA}.Release|Any CPU.ActiveCfg = Release|Any CPU
		{78A87233-1B89-4A28-A661-34414C6608EA}.Release|Any CPU.Build.0 = Release|Any CPU
		{336885F1-2ECE-4A37-981B-BB7A084BFC1C}.Debug|Any CPU.ActiveCfg = Debug|Any CPU
		{336885F1-2ECE-4A37-981B-BB7A084BFC1C}.Debug|Any CPU.Build.0 = Debug|Any CPU
		{336885F1-2ECE-4A37-981B-BB7A084BFC1C}.Release|Any CPU.ActiveCfg = Release|Any CPU
		{336885F1-2ECE-4A37-981B-BB7A084BFC1C}.Release|Any CPU.Build.0 = Release|Any CPU
		{B5323D13-24E5-4A74-9869-297F1B45B89A}.Debug|Any CPU.ActiveCfg = Debug|Any CPU
		{B5323D13-24E5-4A74-9869-297F1B45B89A}.Debug|Any CPU.Build.0 = Debug|Any CPU
		{B5323D13-24E5-4A74-9869-297F1B45B89A}.Release|Any CPU.ActiveCfg = Release|Any CPU
		{B5323D13-24E5-4A74-9869-297F1B45B89A}.Release|Any CPU.Build.0 = Release|Any CPU
		{E899BA0B-0D3D-4D0C-A395-07FC8CCF5B18}.Debug|Any CPU.ActiveCfg = Debug|Any CPU
		{E899BA0B-0D3D-4D0C-A395-07FC8CCF5B18}.Debug|Any CPU.Build.0 = Debug|Any CPU
		{E899BA0B-0D3D-4D0C-A395-07FC8CCF5B18}.Release|Any CPU.ActiveCfg = Release|Any CPU
		{E899BA0B-0D3D-4D0C-A395-07FC8CCF5B18}.Release|Any CPU.Build.0 = Release|Any CPU
		{8AE5D56C-7422-41DD-BB39-E0E48CA55708}.Debug|Any CPU.ActiveCfg = Debug|Any CPU
		{8AE5D56C-7422-41DD-BB39-E0E48CA55708}.Debug|Any CPU.Build.0 = Debug|Any CPU
		{8AE5D56C-7422-41DD-BB39-E0E48CA55708}.Release|Any CPU.ActiveCfg = Release|Any CPU
		{8AE5D56C-7422-41DD-BB39-E0E48CA55708}.Release|Any CPU.Build.0 = Release|Any CPU
		{66BC2525-0CAD-470A-A91E-7216B5F8A8CB}.Debug|Any CPU.ActiveCfg = Debug|Any CPU
		{66BC2525-0CAD-470A-A91E-7216B5F8A8CB}.Debug|Any CPU.Build.0 = Debug|Any CPU
		{66BC2525-0CAD-470A-A91E-7216B5F8A8CB}.Release|Any CPU.ActiveCfg = Release|Any CPU
		{66BC2525-0CAD-470A-A91E-7216B5F8A8CB}.Release|Any CPU.Build.0 = Release|Any CPU
		{22EE61FF-1E8A-4BCB-AF9D-6FCB92BA34D6}.Debug|Any CPU.ActiveCfg = Debug|Any CPU
		{22EE61FF-1E8A-4BCB-AF9D-6FCB92BA34D6}.Debug|Any CPU.Build.0 = Debug|Any CPU
		{22EE61FF-1E8A-4BCB-AF9D-6FCB92BA34D6}.Release|Any CPU.ActiveCfg = Release|Any CPU
		{22EE61FF-1E8A-4BCB-AF9D-6FCB92BA34D6}.Release|Any CPU.Build.0 = Release|Any CPU
		{D162A578-49C9-46A9-BF02-ED58C807E9C6}.Debug|Any CPU.ActiveCfg = Debug|Any CPU
		{D162A578-49C9-46A9-BF02-ED58C807E9C6}.Debug|Any CPU.Build.0 = Debug|Any CPU
		{D162A578-49C9-46A9-BF02-ED58C807E9C6}.Release|Any CPU.ActiveCfg = Release|Any CPU
		{D162A578-49C9-46A9-BF02-ED58C807E9C6}.Release|Any CPU.Build.0 = Release|Any CPU
		{7E1ABC85-A835-4859-B41E-EF62CB764062}.Debug|Any CPU.ActiveCfg = Debug|Any CPU
		{7E1ABC85-A835-4859-B41E-EF62CB764062}.Debug|Any CPU.Build.0 = Debug|Any CPU
		{7E1ABC85-A835-4859-B41E-EF62CB764062}.Release|Any CPU.ActiveCfg = Release|Any CPU
		{7E1ABC85-A835-4859-B41E-EF62CB764062}.Release|Any CPU.Build.0 = Release|Any CPU
		{273FE4CB-3859-4A04-B05E-27C255E06259}.Debug|Any CPU.ActiveCfg = Debug|Any CPU
		{273FE4CB-3859-4A04-B05E-27C255E06259}.Debug|Any CPU.Build.0 = Debug|Any CPU
		{273FE4CB-3859-4A04-B05E-27C255E06259}.Release|Any CPU.ActiveCfg = Release|Any CPU
		{273FE4CB-3859-4A04-B05E-27C255E06259}.Release|Any CPU.Build.0 = Release|Any CPU
		{58AD0188-4B60-44E8-819A-F27E949C6D56}.Debug|Any CPU.ActiveCfg = Debug|Any CPU
		{58AD0188-4B60-44E8-819A-F27E949C6D56}.Debug|Any CPU.Build.0 = Debug|Any CPU
		{58AD0188-4B60-44E8-819A-F27E949C6D56}.Release|Any CPU.ActiveCfg = Release|Any CPU
		{58AD0188-4B60-44E8-819A-F27E949C6D56}.Release|Any CPU.Build.0 = Release|Any CPU
		{97125243-F99E-4D7D-9B85-3B77FA691D8D}.Debug|Any CPU.ActiveCfg = Debug|Any CPU
		{97125243-F99E-4D7D-9B85-3B77FA691D8D}.Debug|Any CPU.Build.0 = Debug|Any CPU
		{97125243-F99E-4D7D-9B85-3B77FA691D8D}.Release|Any CPU.ActiveCfg = Release|Any CPU
		{97125243-F99E-4D7D-9B85-3B77FA691D8D}.Release|Any CPU.Build.0 = Release|Any CPU
		{0331EBA9-42F5-4D8D-A808-CF596A12990C}.Debug|Any CPU.ActiveCfg = Debug|Any CPU
		{0331EBA9-42F5-4D8D-A808-CF596A12990C}.Debug|Any CPU.Build.0 = Debug|Any CPU
		{0331EBA9-42F5-4D8D-A808-CF596A12990C}.Release|Any CPU.ActiveCfg = Release|Any CPU
		{0331EBA9-42F5-4D8D-A808-CF596A12990C}.Release|Any CPU.Build.0 = Release|Any CPU
	EndGlobalSection
	GlobalSection(SolutionProperties) = preSolution
		HideSolutionNode = FALSE
	EndGlobalSection
	GlobalSection(NestedProjects) = preSolution
		{ACABCB49-CF06-4B16-BBD8-95B0764608EF} = {02EA681E-C7D8-13C7-8484-4AC65E1B71E8}
		{5FEB47A9-ECF0-427B-A8BC-86A054129EA1} = {02EA681E-C7D8-13C7-8484-4AC65E1B71E8}
		{7C74C2A4-483A-4536-A776-62BD7D5529B4} = {02EA681E-C7D8-13C7-8484-4AC65E1B71E8}
		{0276C274-6D24-4E03-8387-567B19EDC818} = {5D447E5D-F917-4754-9AC1-3817BE59AA70}
		{ACA5DF1D-F3D0-4C7B-B726-BE91CBF8189F} = {5D447E5D-F917-4754-9AC1-3817BE59AA70}
		{DCCEDF8A-8E39-4874-BA60-69BA027E37BA} = {5D447E5D-F917-4754-9AC1-3817BE59AA70}
		{21FAD98B-5DB6-4930-86B4-B0877CC622E0} = {1EDDA150-8349-4C30-A17E-A477180EFE42}
		{DDDCD445-EFBA-4D8D-B6AD-19194AC506EC} = {1EDDA150-8349-4C30-A17E-A477180EFE42}
		{78A87233-1B89-4A28-A661-34414C6608EA} = {1EDDA150-8349-4C30-A17E-A477180EFE42}
		{336885F1-2ECE-4A37-981B-BB7A084BFC1C} = {B2980617-A906-4A71-BAE8-634069054957}
		{B5323D13-24E5-4A74-9869-297F1B45B89A} = {B2980617-A906-4A71-BAE8-634069054957}
		{E899BA0B-0D3D-4D0C-A395-07FC8CCF5B18} = {B2980617-A906-4A71-BAE8-634069054957}
		{8AE5D56C-7422-41DD-BB39-E0E48CA55708} = {101CF112-D043-4B7F-8F78-8D83B7ACC4CC}
		{66BC2525-0CAD-470A-A91E-7216B5F8A8CB} = {101CF112-D043-4B7F-8F78-8D83B7ACC4CC}
		{22EE61FF-1E8A-4BCB-AF9D-6FCB92BA34D6} = {101CF112-D043-4B7F-8F78-8D83B7ACC4CC}
		{D162A578-49C9-46A9-BF02-ED58C807E9C6} = {68154491-D9B1-4F85-AD23-979FB5A78BB8}
		{7E1ABC85-A835-4859-B41E-EF62CB764062} = {68154491-D9B1-4F85-AD23-979FB5A78BB8}
		{273FE4CB-3859-4A04-B05E-27C255E06259} = {68154491-D9B1-4F85-AD23-979FB5A78BB8}
		{58AD0188-4B60-44E8-819A-F27E949C6D56} = {4662ACE3-EC2E-4825-840B-64ABDDD14415}
		{97125243-F99E-4D7D-9B85-3B77FA691D8D} = {4662ACE3-EC2E-4825-840B-64ABDDD14415}
		{0331EBA9-42F5-4D8D-A808-CF596A12990C} = {4662ACE3-EC2E-4825-840B-64ABDDD14415}
	EndGlobalSection
	GlobalSection(ExtensibilityGlobals) = postSolution
		SolutionGuid = {C90EDFAF-4180-41F9-8973-5D2FD58BC027}
	EndGlobalSection
EndGlobal
